<?xml version="1.0" encoding="utf-8"?>
<Project ToolsVersion="4.0" xmlns="http://schemas.microsoft.com/developer/msbuild/2003">
  <ItemGroup>
    <Filter Include="Source Files">
      <UniqueIdentifier>{4FC737F1-C7A5-4376-A066-2A32D752A2FF}</UniqueIdentifier>
      <Extensions>cpp;c;cc;cxx;c++;cppm;ixx;def;odl;idl;hpj;bat;asm;asmx</Extensions>
    </Filter>
    <Filter Include="Header Files">
      <UniqueIdentifier>{93995380-89BD-4b04-88EB-625FBE52EBFB}</UniqueIdentifier>
      <Extensions>h;hh;hpp;hxx;h++;hm;inl;inc;ipp;xsd</Extensions>
    </Filter>
    <Filter Include="Resource Files">
      <UniqueIdentifier>{67DA6AB6-F800-4c08-8B7A-83BB121AAD01}</UniqueIdentifier>
      <Extensions>rc;ico;cur;bmp;dlg;rc2;rct;bin;rgs;gif;jpg;jpeg;jpe;resx;tiff;tif;png;wav;mfcribbon-ms</Extensions>
    </Filter>
  </ItemGroup>
  <ItemGroup>
    <ClCompile Include="Artefacto.cpp">
      <Filter>Source Files</Filter>
    </ClCompile>
    <ClCompile Include="Asteroide.cpp">
      <Filter>Source Files</Filter>
    </ClCompile>
    <ClCompile Include="Astronauta.cpp">
      <Filter>Source Files</Filter>
    </ClCompile>
    <ClCompile Include="Aterrizaje.cpp">
      <Filter>Source Files</Filter>
    </ClCompile>
    <ClCompile Include="BasuraEspacial.cpp">
      <Filter>Source Files</Filter>
    </ClCompile>
    <ClCompile Include="Enemigo.cpp">
      <Filter>Source Files</Filter>
    </ClCompile>
    <ClCompile Include="EntidadEspacial.cpp">
      <Filter>Source Files</Filter>
    </ClCompile>
    <ClCompile Include="Estilos.cpp">
      <Filter>Source Files</Filter>
    </ClCompile>
    <ClCompile Include="Estrella.cpp">
      <Filter>Source Files</Filter>
    </ClCompile>
    <ClCompile Include="Fondo.cpp">
      <Filter>Source Files</Filter>
    </ClCompile>
    <ClCompile Include="Item.cpp">
      <Filter>Source Files</Filter>
    </ClCompile>
    <ClCompile Include="JefeFinal.cpp">
      <Filter>Source Files</Filter>
    </ClCompile>
    <ClCompile Include="Juego.cpp">
      <Filter>Source Files</Filter>
    </ClCompile>
    <ClCompile Include="MenuJuego.cpp">
      <Filter>Source Files</Filter>
    </ClCompile>
    <ClCompile Include="Minijuego.cpp">
      <Filter>Source Files</Filter>
    </ClCompile>
    <ClCompile Include="MinijuegoJupiter.cpp">
      <Filter>Source Files</Filter>
    </ClCompile>
    <ClCompile Include="MinijuegoMarte.cpp">
      <Filter>Source Files</Filter>
    </ClCompile>
    <ClCompile Include="MinijuegoMercurio.cpp">
      <Filter>Source Files</Filter>
    </ClCompile>
    <ClCompile Include="MinijuegoNeptuno.cpp">
      <Filter>Source Files</Filter>
    </ClCompile>
    <ClCompile Include="MinijuegoSaturno.cpp">
      <Filter>Source Files</Filter>
    </ClCompile>
    <ClCompile Include="MinijuegoTierra.cpp">
      <Filter>Source Files</Filter>
    </ClCompile>
    <ClCompile Include="MinijuegoUrano.cpp">
      <Filter>Source Files</Filter>
    </ClCompile>
    <ClCompile Include="MinijuegoVenus.cpp">
      <Filter>Source Files</Filter>
    </ClCompile>
    <ClCompile Include="MyForm.cpp">
      <Filter>Source Files</Filter>
    </ClCompile>
    <ClCompile Include="Nave.cpp">
      <Filter>Source Files</Filter>
    </ClCompile>
    <ClCompile Include="Particula.cpp">
      <Filter>Source Files</Filter>
    </ClCompile>
    <ClCompile Include="Proyectil.cpp">
      <Filter>Source Files</Filter>
    </ClCompile>
    <ClCompile Include="SistemaSolar.cpp">
      <Filter>Source Files</Filter>
    </ClCompile>
    <ClCompile Include="Sonido.cpp">
      <Filter>Source Files</Filter>
    </ClCompile>
    <ClCompile Include="Superficie.cpp">
      <Filter>Source Files</Filter>
    </ClCompile>
  </ItemGroup>
  <ItemGroup>
    <ClInclude Include="Artefacto.h">
      <Filter>Header Files</Filter>
    </ClInclude>
    <ClInclude Include="Asteroide.h">
      <Filter>Header Files</Filter>
    </ClInclude>
    <ClInclude Include="Astronauta.h">
      <Filter>Header Files</Filter>
    </ClInclude>
    <ClInclude Include="Aterrizaje.h">
      <Filter>Header Files</Filter>
    </ClInclude>
    <ClInclude Include="Azar.h">
      <Filter>Header Files</Filter>
    </ClInclude>
    <ClInclude Include="BasuraEspacial.h">
      <Filter>Header Files</Filter>
    </ClInclude>
    <ClInclude Include="Config.h">
      <Filter>Header Files</Filter>
    </ClInclude>
    <ClInclude Include="Enemigo.h">
      <Filter>Header Files</Filter>
    </ClInclude>
    <ClInclude Include="EntidadEspacial.h">
      <Filter>Header Files</Filter>
    </ClInclude>
    <ClInclude Include="Entrada.h">
      <Filter>Header Files</Filter>
    </ClInclude>
    <ClInclude Include="Estilos.h">
      <Filter>Header Files</Filter>
    </ClInclude>
    <ClInclude Include="Estrella.h">
      <Filter>Header Files</Filter>
    </ClInclude>
    <ClInclude Include="Fondo.h">
      <Filter>Header Files</Filter>
    </ClInclude>
    <ClInclude Include="Item.h">
      <Filter>Header Files</Filter>
    </ClInclude>
    <ClInclude Include="JefeFinal.h">
      <Filter>Header Files</Filter>
    </ClInclude>
    <ClInclude Include="Juego.h">
      <Filter>Header Files</Filter>
    </ClInclude>
    <ClInclude Include="MenuJuego.h">
      <Filter>Header Files</Filter>
    </ClInclude>
    <ClInclude Include="Minijuego.h">
      <Filter>Header Files</Filter>
    </ClInclude>
    <ClInclude Include="MinijuegoJupiter.h">
      <Filter>Header Files</Filter>
    </ClInclude>
    <ClInclude Include="MinijuegoMarte.h">
      <Filter>Header Files</Filter>
    </ClInclude>
    <ClInclude Include="MinijuegoMercurio.h">
      <Filter>Header Files</Filter>
    </ClInclude>
    <ClInclude Include="MinijuegoNeptuno.h">
      <Filter>Header Files</Filter>
    </ClInclude>
    <ClInclude Include="MinijuegoSaturno.h">
      <Filter>Header Files</Filter>
    </ClInclude>
    <ClInclude Include="MinijuegoTierra.h">
      <Filter>Header Files</Filter>
    </ClInclude>
    <ClInclude Include="MinijuegoUrano.h">
      <Filter>Header Files</Filter>
    </ClInclude>
    <ClInclude Include="MinijuegoVenus.h">
      <Filter>Header Files</Filter>
    </ClInclude>
    <ClInclude Include="MyForm.h">
      <Filter>Header Files</Filter>
    </ClInclude>
    <ClInclude Include="Nave.h">
      <Filter>Header Files</Filter>
    </ClInclude>
    <ClInclude Include="Particula.h">
      <Filter>Header Files</Filter>
    </ClInclude>
    <ClInclude Include="Proyectil.h">
      <Filter>Header Files</Filter>
    </ClInclude>
    <ClInclude Include="SistemaSolar.h">
      <Filter>Header Files</Filter>
    </ClInclude>
    <ClInclude Include="Sonido.h">
      <Filter>Header Files</Filter>
    </ClInclude>
    <ClInclude Include="Superficie.h">
      <Filter>Header Files</Filter>
    </ClInclude>
  </ItemGroup>
</Project>
